// !$*UTF8*$!
{
	archiveVersion = 1;
	classes = {
	};
	objectVersion = 56;
	objects = {

/* Begin PBXBuildFile section */
		9A0BF2592B3497C000177CCC /* NDHUTutorApp.swift in Sources */ = {isa = PBXBuildFile; fileRef = 9A0BF2582B3497C000177CCC /* NDHUTutorApp.swift */; };
		9A0BF25B2B3497C000177CCC /* ContentView.swift in Sources */ = {isa = PBXBuildFile; fileRef = 9A0BF25A2B3497C000177CCC /* ContentView.swift */; };
		9A0BF25D2B3497C500177CCC /* Assets.xcassets in Resources */ = {isa = PBXBuildFile; fileRef = 9A0BF25C2B3497C500177CCC /* Assets.xcassets */; };
		9A0BF2602B3497C500177CCC /* Preview Assets.xcassets in Resources */ = {isa = PBXBuildFile; fileRef = 9A0BF25F2B3497C500177CCC /* Preview Assets.xcassets */; };
		9A0BF2672B355B2300177CCC /* LoginView.swift in Sources */ = {isa = PBXBuildFile; fileRef = 9A0BF2662B355B2300177CCC /* LoginView.swift */; };
		9A5E6F8E2B3B43A10054297D /* SubjectsView.swift in Sources */ = {isa = PBXBuildFile; fileRef = 9A5E6F8D2B3B43A10054297D /* SubjectsView.swift */; };
		9A5E6F902B3C10270054297D /* Tutor.swift in Sources */ = {isa = PBXBuildFile; fileRef = 9A5E6F8F2B3C10270054297D /* Tutor.swift */; };
		9A5E6F922B3C14360054297D /* TutorsView.swift in Sources */ = {isa = PBXBuildFile; fileRef = 9A5E6F912B3C14360054297D /* TutorsView.swift */; };
		9A5E6F962B3C65C10054297D /* DetailView.swift in Sources */ = {isa = PBXBuildFile; fileRef = 9A5E6F952B3C65C10054297D /* DetailView.swift */; };
		9A7DF8AC2B3F06A5006C373C /* NDHUTutor.xcdatamodeld in Sources */ = {isa = PBXBuildFile; fileRef = 9A7DF8AA2B3F06A5006C373C /* NDHUTutor.xcdatamodeld */; };
		9A7DF8EA2B3F1E0B006C373C /* Persistence.swift in Sources */ = {isa = PBXBuildFile; fileRef = 9A7DF8E92B3F1E0B006C373C /* Persistence.swift */; };
/* End PBXBuildFile section */

/* Begin PBXFileReference section */
		9A0BF2552B3497C000177CCC /* NDHUTutor.app */ = {isa = PBXFileReference; explicitFileType = wrapper.application; includeInIndex = 0; path = NDHUTutor.app; sourceTree = BUILT_PRODUCTS_DIR; };
		9A0BF2582B3497C000177CCC /* NDHUTutorApp.swift */ = {isa = PBXFileReference; lastKnownFileType = sourcecode.swift; path = NDHUTutorApp.swift; sourceTree = "<group>"; };
		9A0BF25A2B3497C000177CCC /* ContentView.swift */ = {isa = PBXFileReference; lastKnownFileType = sourcecode.swift; path = ContentView.swift; sourceTree = "<group>"; };
		9A0BF25C2B3497C500177CCC /* Assets.xcassets */ = {isa = PBXFileReference; lastKnownFileType = folder.assetcatalog; path = Assets.xcassets; sourceTree = "<group>"; };
		9A0BF25F2B3497C500177CCC /* Preview Assets.xcassets */ = {isa = PBXFileReference; lastKnownFileType = folder.assetcatalog; path = "Preview Assets.xcassets"; sourceTree = "<group>"; };
		9A0BF2662B355B2300177CCC /* LoginView.swift */ = {isa = PBXFileReference; lastKnownFileType = sourcecode.swift; path = LoginView.swift; sourceTree = "<group>"; };
		9A5E6F8D2B3B43A10054297D /* SubjectsView.swift */ = {isa = PBXFileReference; lastKnownFileType = sourcecode.swift; path = SubjectsView.swift; sourceTree = "<group>"; };
		9A5E6F8F2B3C10270054297D /* Tutor.swift */ = {isa = PBXFileReference; lastKnownFileType = sourcecode.swift; path = Tutor.swift; sourceTree = "<group>"; };
		9A5E6F912B3C14360054297D /* TutorsView.swift */ = {isa = PBXFileReference; lastKnownFileType = sourcecode.swift; path = TutorsView.swift; sourceTree = "<group>"; };
		9A5E6F952B3C65C10054297D /* DetailView.swift */ = {isa = PBXFileReference; lastKnownFileType = sourcecode.swift; path = DetailView.swift; sourceTree = "<group>"; };
		9A7DF8AB2B3F06A5006C373C /* Model.xcdatamodel */ = {isa = PBXFileReference; lastKnownFileType = wrapper.xcdatamodel; path = Model.xcdatamodel; sourceTree = "<group>"; };
		9A7DF8E92B3F1E0B006C373C /* Persistence.swift */ = {isa = PBXFileReference; lastKnownFileType = sourcecode.swift; path = Persistence.swift; sourceTree = "<group>"; };
/* End PBXFileReference section */

/* Begin PBXFrameworksBuildPhase section */
		9A0BF2522B3497C000177CCC /* Frameworks */ = {
			isa = PBXFrameworksBuildPhase;
			buildActionMask = 2147483647;
			files = (
			);
			runOnlyForDeploymentPostprocessing = 0;
		};
/* End PBXFrameworksBuildPhase section */

/* Begin PBXGroup section */
		9A0BF24C2B3497C000177CCC = {
			isa = PBXGroup;
			children = (
				9A0BF2572B3497C000177CCC /* NDHUTutor */,
				9A0BF2562B3497C000177CCC /* Products */,
			);
			sourceTree = "<group>";
		};
		9A0BF2562B3497C000177CCC /* Products */ = {
			isa = PBXGroup;
			children = (
				9A0BF2552B3497C000177CCC /* NDHUTutor.app */,
			);
			name = Products;
			sourceTree = "<group>";
		};
		9A0BF2572B3497C000177CCC /* NDHUTutor */ = {
			isa = PBXGroup;
			children = (
				9A5E6F952B3C65C10054297D /* DetailView.swift */,
				9A0BF2582B3497C000177CCC /* NDHUTutorApp.swift */,
				9A0BF25A2B3497C000177CCC /* ContentView.swift */,
				9A0BF2662B355B2300177CCC /* LoginView.swift */,
				9A5E6F8D2B3B43A10054297D /* SubjectsView.swift */,
				9A0BF25C2B3497C500177CCC /* Assets.xcassets */,
				9A0BF25E2B3497C500177CCC /* Preview Content */,
				9A5E6F8F2B3C10270054297D /* Tutor.swift */,
				9A5E6F912B3C14360054297D /* TutorsView.swift */,
				9A7DF8AA2B3F06A5006C373C /* NDHUTutor.xcdatamodeld */,
				9A7DF8E92B3F1E0B006C373C /* Persistence.swift */,
			);
			path = NDHUTutor;
			sourceTree = "<group>";
		};
		9A0BF25E2B3497C500177CCC /* Preview Content */ = {
			isa = PBXGroup;
			children = (
				9A0BF25F2B3497C500177CCC /* Preview Assets.xcassets */,
			);
			path = "Preview Content";
			sourceTree = "<group>";
		};
/* End PBXGroup section */

/* Begin PBXNativeTarget section */
		9A0BF2542B3497C000177CCC /* NDHUTutor */ = {
			isa = PBXNativeTarget;
			buildConfigurationList = 9A0BF2632B3497C500177CCC /* Build configuration list for PBXNativeTarget "NDHUTutor" */;
			buildPhases = (
				9A0BF2512B3497C000177CCC /* Sources */,
				9A0BF2522B3497C000177CCC /* Frameworks */,
				9A0BF2532B3497C000177CCC /* Resources */,
			);
			buildRules = (
			);
			dependencies = (
			);
			name = NDHUTutor;
			productName = NDHUTutor;
			productReference = 9A0BF2552B3497C000177CCC /* NDHUTutor.app */;
			productType = "com.apple.product-type.application";
		};
/* End PBXNativeTarget section */

/* Begin PBXProject section */
		9A0BF24D2B3497C000177CCC /* Project object */ = {
			isa = PBXProject;
			attributes = {
				BuildIndependentTargetsInParallel = 1;
				LastSwiftUpdateCheck = 1430;
				LastUpgradeCheck = 1430;
				TargetAttributes = {
					9A0BF2542B3497C000177CCC = {
						CreatedOnToolsVersion = 14.3;
					};
				};
			};
			buildConfigurationList = 9A0BF2502B3497C000177CCC /* Build configuration list for PBXProject "NDHUTutor" */;
			compatibilityVersion = "Xcode 14.0";
			developmentRegion = en;
			hasScannedForEncodings = 0;
			knownRegions = (
				en,
				Base,
			);
			mainGroup = 9A0BF24C2B3497C000177CCC;
			productRefGroup = 9A0BF2562B3497C000177CCC /* Products */;
			projectDirPath = "";
			projectRoot = "";
			targets = (
				9A0BF2542B3497C000177CCC /* NDHUTutor */,
			);
		};
/* End PBXProject section */

/* Begin PBXResourcesBuildPhase section */
		9A0BF2532B3497C000177CCC /* Resources */ = {
			isa = PBXResourcesBuildPhase;
			buildActionMask = 2147483647;
			files = (
				9A0BF2602B3497C500177CCC /* Preview Assets.xcassets in Resources */,
				9A0BF25D2B3497C500177CCC /* Assets.xcassets in Resources */,
			);
			runOnlyForDeploymentPostprocessing = 0;
		};
/* End PBXResourcesBuildPhase section */

/* Begin PBXSourcesBuildPhase section */
		9A0BF2512B3497C000177CCC /* Sources */ = {
			isa = PBXSourcesBuildPhase;
			buildActionMask = 2147483647;
			files = (
				9A7DF8EA2B3F1E0B006C373C /* Persistence.swift in Sources */,
				9A5E6F902B3C10270054297D /* Tutor.swift in Sources */,
				9A5E6F962B3C65C10054297D /* DetailView.swift in Sources */,
				9A5E6F922B3C14360054297D /* TutorsView.swift in Sources */,
				9A7DF8AC2B3F06A5006C373C /* NDHUTutor.xcdatamodeld in Sources */,
				9A0BF2672B355B2300177CCC /* LoginView.swift in Sources */,
				9A0BF25B2B3497C000177CCC /* ContentView.swift in Sources */,
				9A5E6F8E2B3B43A10054297D /* SubjectsView.swift in Sources */,
				9A0BF2592B3497C000177CCC /* NDHUTutorApp.swift in Sources */,
			);
			runOnlyForDeploymentPostprocessing = 0;
		};
/* End PBXSourcesBuildPhase section */

/* Begin XCBuildConfiguration section */
		9A0BF2612B3497C500177CCC /* Debug */ = {
			isa = XCBuildConfiguration;
			buildSettings = {
				ALWAYS_SEARCH_USER_PATHS = NO;
				CLANG_ANALYZER_NONNULL = YES;
				CLANG_ANALYZER_NUMBER_OBJECT_CONVERSION = YES_AGGRESSIVE;
				CLANG_CXX_LANGUAGE_STANDARD = "gnu++20";
				CLANG_ENABLE_MODULES = YES;
				CLANG_ENABLE_OBJC_ARC = YES;
				CLANG_ENABLE_OBJC_WEAK = YES;
				CLANG_WARN_BLOCK_CAPTURE_AUTORELEASING = YES;
				CLANG_WARN_BOOL_CONVERSION = YES;
				CLANG_WARN_COMMA = YES;
				CLANG_WARN_CONSTANT_CONVERSION = YES;
				CLANG_WARN_DEPRECATED_OBJC_IMPLEMENTATIONS = YES;
				CLANG_WARN_DIRECT_OBJC_ISA_USAGE = YES_ERROR;
				CLANG_WARN_DOCUMENTATION_COMMENTS = YES;
				CLANG_WARN_EMPTY_BODY = YES;
				CLANG_WARN_ENUM_CONVERSION = YES;
				CLANG_WARN_INFINITE_RECURSION = YES;
				CLANG_WARN_INT_CONVERSION = YES;
				CLANG_WARN_NON_LITERAL_NULL_CONVERSION = YES;
				CLANG_WARN_OBJC_IMPLICIT_RETAIN_SELF = YES;
				CLANG_WARN_OBJC_LITERAL_CONVERSION = YES;
				CLANG_WARN_OBJC_ROOT_CLASS = YES_ERROR;
				CLANG_WARN_QUOTED_INCLUDE_IN_FRAMEWORK_HEADER = YES;
				CLANG_WARN_RANGE_LOOP_ANALYSIS = YES;
				CLANG_WARN_STRICT_PROTOTYPES = YES;
				CLANG_WARN_SUSPICIOUS_MOVE = YES;
				CLANG_WARN_UNGUARDED_AVAILABILITY = YES_AGGRESSIVE;
				CLANG_WARN_UNREACHABLE_CODE = YES;
				CLANG_WARN__DUPLICATE_METHOD_MATCH = YES;
				COPY_PHASE_STRIP = NO;
				DEBUG_INFORMATION_FORMAT = dwarf;
				ENABLE_STRICT_OBJC_MSGSEND = YES;
				ENABLE_TESTABILITY = YES;
				GCC_C_LANGUAGE_STANDARD = gnu11;
				GCC_DYNAMIC_NO_PIC = NO;
				GCC_NO_COMMON_BLOCKS = YES;
				GCC_OPTIMIZATION_LEVEL = 0;
				GCC_PREPROCESSOR_DEFINITIONS = (
					"DEBUG=1",
					"$(inherited)",
				);
				GCC_WARN_64_TO_32_BIT_CONVERSION = YES;
				GCC_WARN_ABOUT_RETURN_TYPE = YES_ERROR;
				GCC_WARN_UNDECLARED_SELECTOR = YES;
				GCC_WARN_UNINITIALIZED_AUTOS = YES_AGGRESSIVE;
				GCC_WARN_UNUSED_FUNCTION = YES;
				GCC_WARN_UNUSED_VARIABLE = YES;
				IPHONEOS_DEPLOYMENT_TARGET = 16.4;
				MTL_ENABLE_DEBUG_INFO = INCLUDE_SOURCE;
				MTL_FAST_MATH = YES;
				ONLY_ACTIVE_ARCH = YES;
				SDKROOT = iphoneos;
				SWIFT_ACTIVE_COMPILATION_CONDITIONS = DEBUG;
				SWIFT_OPTIMIZATION_LEVEL = "-Onone";
			};
			name = Debug;
		};
		9A0BF2622B3497C500177CCC /* Release */ = {
			isa = XCBuildConfiguration;
			buildSettings = {
				ALWAYS_SEARCH_USER_PATHS = NO;
				CLANG_ANALYZER_NONNULL = YES;
				CLANG_ANALYZER_NUMBER_OBJECT_CONVERSION = YES_AGGRESSIVE;
				CLANG_CXX_LANGUAGE_STANDARD = "gnu++20";
				CLANG_ENABLE_MODULES = YES;
				CLANG_ENABLE_OBJC_ARC = YES;
				CLANG_ENABLE_OBJC_WEAK = YES;
				CLANG_WARN_BLOCK_CAPTURE_AUTORELEASING = YES;
				CLANG_WARN_BOOL_CONVERSION = YES;
				CLANG_WARN_COMMA = YES;
				CLANG_WARN_CONSTANT_CONVERSION = YES;
				CLANG_WARN_DEPRECATED_OBJC_IMPLEMENTATIONS = YES;
				CLANG_WARN_DIRECT_OBJC_ISA_USAGE = YES_ERROR;
				CLANG_WARN_DOCUMENTATION_COMMENTS = YES;
				CLANG_WARN_EMPTY_BODY = YES;
				CLANG_WARN_ENUM_CONVERSION = YES;
				CLANG_WARN_INFINITE_RECURSION = YES;
				CLANG_WARN_INT_CONVERSION = YES;
				CLANG_WARN_NON_LITERAL_NULL_CONVERSION = YES;
				CLANG_WARN_OBJC_IMPLICIT_RETAIN_SELF = YES;
				CLANG_WARN_OBJC_LITERAL_CONVERSION = YES;
				CLANG_WARN_OBJC_ROOT_CLASS = YES_ERROR;
				CLANG_WARN_QUOTED_INCLUDE_IN_FRAMEWORK_HEADER = YES;
				CLANG_WARN_RANGE_LOOP_ANALYSIS = YES;
				CLANG_WARN_STRICT_PROTOTYPES = YES;
				CLANG_WARN_SUSPICIOUS_MOVE = YES;
				CLANG_WARN_UNGUARDED_AVAILABILITY = YES_AGGRESSIVE;
				CLANG_WARN_UNREACHABLE_CODE = YES;
				CLANG_WARN__DUPLICATE_METHOD_MATCH = YES;
				COPY_PHASE_STRIP = NO;
				DEBUG_INFORMATION_FORMAT = "dwarf-with-dsym";
				ENABLE_NS_ASSERTIONS = NO;
				ENABLE_STRICT_OBJC_MSGSEND = YES;
				GCC_C_LANGUAGE_STANDARD = gnu11;
				GCC_NO_COMMON_BLOCKS = YES;
				GCC_WARN_64_TO_32_BIT_CONVERSION = YES;
				GCC_WARN_ABOUT_RETURN_TYPE = YES_ERROR;
				GCC_WARN_UNDECLARED_SELECTOR = YES;
				GCC_WARN_UNINITIALIZED_AUTOS = YES_AGGRESSIVE;
				GCC_WARN_UNUSED_FUNCTION = YES;
				GCC_WARN_UNUSED_VARIABLE = YES;
				IPHONEOS_DEPLOYMENT_TARGET = 16.4;
				MTL_ENABLE_DEBUG_INFO = NO;
				MTL_FAST_MATH = YES;
				SDKROOT = iphoneos;
				SWIFT_COMPILATION_MODE = wholemodule;
				SWIFT_OPTIMIZATION_LEVEL = "-O";
				VALIDATE_PRODUCT = YES;
			};
			name = Release;
		};
		9A0BF2642B3497C500177CCC /* Debug */ = {
			isa = XCBuildConfiguration;
			buildSettings = {
				ASSETCATALOG_COMPILER_APPICON_NAME = AppIcon;
				ASSETCATALOG_COMPILER_GLOBAL_ACCENT_COLOR_NAME = AccentColor;
				CODE_SIGN_STYLE = Automatic;
				CURRENT_PROJECT_VERSION = 1;
				DEVELOPMENT_ASSET_PATHS = "\"NDHUTutor/Preview Content\"";
				ENABLE_PREVIEWS = YES;
				GENERATE_INFOPLIST_FILE = YES;
				INFOPLIST_KEY_UIApplicationSceneManifest_Generation = YES;
				INFOPLIST_KEY_UIApplicationSupportsIndirectInputEvents = YES;
				INFOPLIST_KEY_UILaunchScreen_Generation = YES;
				INFOPLIST_KEY_UISupportedInterfaceOrientations_iPad = "UIInterfaceOrientationPortrait UIInterfaceOrientationPortraitUpsideDown UIInterfaceOrientationLandscapeLeft UIInterfaceOrientationLandscapeRight";
				INFOPLIST_KEY_UISupportedInterfaceOrientations_iPhone = "UIInterfaceOrientationPortrait UIInterfaceOrientationLandscapeLeft UIInterfaceOrientationLandscapeRight";
				LD_RUNPATH_SEARCH_PATHS = (
					"$(inherited)",
					"@executable_path/Frameworks",
				);
				MARKETING_VERSION = 1.0;
				PRODUCT_BUNDLE_IDENTIFIER = com.ndhu.NDHUTutor;
				PRODUCT_NAME = "$(TARGET_NAME)";
				SWIFT_EMIT_LOC_STRINGS = YES;
				SWIFT_VERSION = 5.0;
				TARGETED_DEVICE_FAMILY = "1,2";
			};
			name = Debug;
		};
		9A0BF2652B3497C500177CCC /* Release */ = {
			isa = XCBuildConfiguration;
			buildSettings = {
				ASSETCATALOG_COMPILER_APPICON_NAME = AppIcon;
				ASSETCATALOG_COMPILER_GLOBAL_ACCENT_COLOR_NAME = AccentColor;
				CODE_SIGN_STYLE = Automatic;
				CURRENT_PROJECT_VERSION = 1;
				DEVELOPMENT_ASSET_PATHS = "\"NDHUTutor/Preview Content\"";
				ENABLE_PREVIEWS = YES;
				GENERATE_INFOPLIST_FILE = YES;
				INFOPLIST_KEY_UIApplicationSceneManifest_Generation = YES;
				INFOPLIST_KEY_UIApplicationSupportsIndirectInputEvents = YES;
				INFOPLIST_KEY_UILaunchScreen_Generation = YES;
				INFOPLIST_KEY_UISupportedInterfaceOrientations_iPad = "UIInterfaceOrientationPortrait UIInterfaceOrientationPortraitUpsideDown UIInterfaceOrientationLandscapeLeft UIInterfaceOrientationLandscapeRight";
				INFOPLIST_KEY_UISupportedInterfaceOrientations_iPhone = "UIInterfaceOrientationPortrait UIInterfaceOrientationLandscapeLeft UIInterfaceOrientationLandscapeRight";
				LD_RUNPATH_SEARCH_PATHS = (
					"$(inherited)",
					"@executable_path/Frameworks",
				);
				MARKETING_VERSION = 1.0;
				PRODUCT_BUNDLE_IDENTIFIER = com.ndhu.NDHUTutor;
				PRODUCT_NAME = "$(TARGET_NAME)";
				SWIFT_EMIT_LOC_STRINGS = YES;
				SWIFT_VERSION = 5.0;
				TARGETED_DEVICE_FAMILY = "1,2";
			};
			name = Release;
		};
/* End XCBuildConfiguration section */

/* Begin XCConfigurationList section */
		9A0BF2502B3497C000177CCC /* Build configuration list for PBXProject "NDHUTutor" */ = {
			isa = XCConfigurationList;
			buildConfigurations = (
				9A0BF2612B3497C500177CCC /* Debug */,
				9A0BF2622B3497C500177CCC /* Release */,
			);
			defaultConfigurationIsVisible = 0;
			defaultConfigurationName = Release;
		};
		9A0BF2632B3497C500177CCC /* Build configuration list for PBXNativeTarget "NDHUTutor" */ = {
			isa = XCConfigurationList;
			buildConfigurations = (
				9A0BF2642B3497C500177CCC /* Debug */,
				9A0BF2652B3497C500177CCC /* Release */,
			);
			defaultConfigurationIsVisible = 0;
			defaultConfigurationName = Release;
		};
/* End XCConfigurationList section */

/* Begin XCVersionGroup section */
		9A7DF8AA2B3F06A5006C373C /* NDHUTutor.xcdatamodeld */ = {
			isa = XCVersionGroup;
			children = (
				9A7DF8AB2B3F06A5006C373C /* Model.xcdatamodel */,
			);
			currentVersion = 9A7DF8AB2B3F06A5006C373C /* Model.xcdatamodel */;
			path = NDHUTutor.xcdatamodeld;
			sourceTree = "<group>";
			versionGroupType = wrapper.xcdatamodel;
		};
/* End XCVersionGroup section */
	};
	rootObject = 9A0BF24D2B3497C000177CCC /* Project object */;
}
